
Microsoft Visual Studio Solution File, Format Version 12.00
# Visual Studio Version 17
VisualStudioVersion = 17.14.36811.4 d17.14
MinimumVisualStudioVersion = 10.0.40219.1
Project("{FAE04EC0-301F-11D3-BF4B-00C04F79EFBC}") = "ClinicaDentalMario", "ClinicaDentalMario.csproj", "{26D1E2BD-7392-4CCA-82BA-C9ED13B62AE0}"
EndProject
Global
	GlobalSection(SolutionConfigurationPlatforms) = preSolution
		Debug|Any CPU = Debug|Any CPU
		Release|Any CPU = Release|Any CPU
	EndGlobalSection
	GlobalSection(ProjectConfigurationPlatforms) = postSolution
		{26D1E2BD-7392-4CCA-82BA-C9ED13B62AE0}.Debug|Any CPU.ActiveCfg = Debug|Any CPU
		{26D1E2BD-7392-4CCA-82BA-C9ED13B62AE0}.Debug|Any CPU.Build.0 = Debug|Any CPU
		{26D1E2BD-7392-4CCA-82BA-C9ED13B62AE0}.Release|Any CPU.ActiveCfg = Release|Any CPU
		{26D1E2BD-7392-4CCA-82BA-C9ED13B62AE0}.Release|Any CPU.Build.0 = Release|Any CPU
	EndGlobalSection
	GlobalSection(SolutionProperties) = preSolution
		HideSolutionNode = FALSE
	EndGlobalSection
	GlobalSection(ExtensibilityGlobals) = postSolution
		SolutionGuid = {BBBF7A86-C362-43A8-9985-45CA948DD348}
	EndGlobalSection
EndGlobal
